
Microsoft Visual Studio Solution File, Format Version 12.00
# Visual Studio 2013
VisualStudioVersion = 12.0.31101.0
MinimumVisualStudioVersion = 10.0.40219.1
Project("{FAE04EC0-301F-11D3-BF4B-00C04F79EFBC}") = "ClientAppToBuild", "ClientAppToBuild\ClientAppToBuild\ClientAppToBuild.csproj", "{DD206F2C-8F2B-46B6-A61B-6E6145A9A1CC}"
EndProject
Project("{FAE04EC0-301F-11D3-BF4B-00C04F79EFBC}") = "ClientAppToBuild.iOS", "ClientAppToBuild\ClientAppToBuild.iOS\ClientAppToBuild.iOS.csproj", "{3B3D0FD1-1DF6-4ACA-9A1E-0C6AC05C670F}"
EndProject
Project("{FAE04EC0-301F-11D3-BF4B-00C04F79EFBC}") = "ClientAppToBuild.Droid", "ClientAppToBuild\ClientAppToBuild.Droid\ClientAppToBuild.Droid.csproj", "{C2020873-98A6-48F3-8A7B-752A841CB377}"
EndProject
Project("{FAE04EC0-301F-11D3-BF4B-00C04F79EFBC}") = "ClientAppToBuild.WinPhone", "ClientAppToBuild\ClientAppToBuild.WinPhone\ClientAppToBuild.WinPhone.csproj", "{DB35C619-D02D-408C-8B10-D1CA5DFBA1E8}"
EndProject
Project("{FAE04EC0-301F-11D3-BF4B-00C04F79EFBC}") = "CI", "CI\CI.csproj", "{E6101995-DE2F-4928-A087-709EEE133400}"
EndProject
Project("{FAE04EC0-301F-11D3-BF4B-00C04F79EFBC}") = "CI.Postbuild.ConsoleApp", "CI.Postbuild.ConsoleApp\CI.Postbuild.ConsoleApp.csproj", "{4EDEADCB-D461-414B-B93A-816396C1F312}"
EndProject
Project("{FAE04EC0-301F-11D3-BF4B-00C04F79EFBC}") = "Com.Xamtastic.Patterns.CI.Dropbox", "Com.Xamtastic.Patterns.CI.Dropbox\Com.Xamtastic.Patterns.CI.Dropbox.csproj", "{6AC9B4AC-BF02-4323-A079-1EA9F4765B15}"
EndProject
Project("{FAE04EC0-301F-11D3-BF4B-00C04F79EFBC}") = "Xamtastic.Automation", "Xamtastic.Automation\Xamtastic.Automation.csproj", "{85C8A831-B708-49D3-B8EA-2D49FD412277}"
EndProject
Global
	GlobalSection(SolutionConfigurationPlatforms) = preSolution
		Ad-Hoc|Any CPU = Ad-Hoc|Any CPU
		Ad-Hoc|ARM = Ad-Hoc|ARM
		Ad-Hoc|iPhone = Ad-Hoc|iPhone
		Ad-Hoc|iPhoneSimulator = Ad-Hoc|iPhoneSimulator
		Ad-Hoc|Mixed Platforms = Ad-Hoc|Mixed Platforms
		Ad-Hoc|x86 = Ad-Hoc|x86
		AppStore|Any CPU = AppStore|Any CPU
		AppStore|ARM = AppStore|ARM
		AppStore|iPhone = AppStore|iPhone
		AppStore|iPhoneSimulator = AppStore|iPhoneSimulator
		AppStore|Mixed Platforms = AppStore|Mixed Platforms
		AppStore|x86 = AppStore|x86
		Debug|Any CPU = Debug|Any CPU
		Debug|ARM = Debug|ARM
		Debug|iPhone = Debug|iPhone
		Debug|iPhoneSimulator = Debug|iPhoneSimulator
		Debug|Mixed Platforms = Debug|Mixed Platforms
		Debug|x86 = Debug|x86
		Release|Any CPU = Release|Any CPU
		Release|ARM = Release|ARM
		Release|iPhone = Release|iPhone
		Release|iPhoneSimulator = Release|iPhoneSimulator
		Release|Mixed Platforms = Release|Mixed Platforms
		Release|x86 = Release|x86
	EndGlobalSection
	GlobalSection(ProjectConfigurationPlatforms) = postSolution
		{DD206F2C-8F2B-46B6-A61B-6E6145A9A1CC}.Ad-Hoc|Any CPU.ActiveCfg = Release|Any CPU
		{DD206F2C-8F2B-46B6-A61B-6E6145A9A1CC}.Ad-Hoc|Any CPU.Build.0 = Release|Any CPU
		{DD206F2C-8F2B-46B6-A61B-6E6145A9A1CC}.Ad-Hoc|ARM.ActiveCfg = Release|Any CPU
		{DD206F2C-8F2B-46B6-A61B-6E6145A9A1CC}.Ad-Hoc|iPhone.ActiveCfg = Release|Any CPU
		{DD206F2C-8F2B-46B6-A61B-6E6145A9A1CC}.Ad-Hoc|iPhoneSimulator.ActiveCfg = Release|Any CPU
		{DD206F2C-8F2B-46B6-A61B-6E6145A9A1CC}.Ad-Hoc|Mixed Platforms.ActiveCfg = Release|Any CPU
		{DD206F2C-8F2B-46B6-A61B-6E6145A9A1CC}.Ad-Hoc|Mixed Platforms.Build.0 = Release|Any CPU
		{DD206F2C-8F2B-46B6-A61B-6E6145A9A1CC}.Ad-Hoc|x86.ActiveCfg = Release|Any CPU
		{DD206F2C-8F2B-46B6-A61B-6E6145A9A1CC}.AppStore|Any CPU.ActiveCfg = Release|Any CPU
		{DD206F2C-8F2B-46B6-A61B-6E6145A9A1CC}.AppStore|Any CPU.Build.0 = Release|Any CPU
		{DD206F2C-8F2B-46B6-A61B-6E6145A9A1CC}.AppStore|ARM.ActiveCfg = Release|Any CPU
		{DD206F2C-8F2B-46B6-A61B-6E6145A9A1CC}.AppStore|iPhone.ActiveCfg = Release|Any CPU
		{DD206F2C-8F2B-46B6-A61B-6E6145A9A1CC}.AppStore|iPhoneSimulator.ActiveCfg = Release|Any CPU
		{DD206F2C-8F2B-46B6-A61B-6E6145A9A1CC}.AppStore|Mixed Platforms.ActiveCfg = Release|Any CPU
		{DD206F2C-8F2B-46B6-A61B-6E6145A9A1CC}.AppStore|Mixed Platforms.Build.0 = Release|Any CPU
		{DD206F2C-8F2B-46B6-A61B-6E6145A9A1CC}.AppStore|x86.ActiveCfg = Release|Any CPU
		{DD206F2C-8F2B-46B6-A61B-6E6145A9A1CC}.Debug|Any CPU.ActiveCfg = Debug|Any CPU
		{DD206F2C-8F2B-46B6-A61B-6E6145A9A1CC}.Debug|Any CPU.Build.0 = Debug|Any CPU
		{DD206F2C-8F2B-46B6-A61B-6E6145A9A1CC}.Debug|ARM.ActiveCfg = Debug|Any CPU
		{DD206F2C-8F2B-46B6-A61B-6E6145A9A1CC}.Debug|iPhone.ActiveCfg = Debug|Any CPU
		{DD206F2C-8F2B-46B6-A61B-6E6145A9A1CC}.Debug|iPhone.Build.0 = Debug|Any CPU
		{DD206F2C-8F2B-46B6-A61B-6E6145A9A1CC}.Debug|iPhone.Deploy.0 = Debug|Any CPU
		{DD206F2C-8F2B-46B6-A61B-6E6145A9A1CC}.Debug|iPhoneSimulator.ActiveCfg = Debug|Any CPU
		{DD206F2C-8F2B-46B6-A61B-6E6145A9A1CC}.Debug|iPhoneSimulator.Build.0 = Debug|Any CPU
		{DD206F2C-8F2B-46B6-A61B-6E6145A9A1CC}.Debug|Mixed Platforms.ActiveCfg = Debug|Any CPU
		{DD206F2C-8F2B-46B6-A61B-6E6145A9A1CC}.Debug|Mixed Platforms.Build.0 = Debug|Any CPU
		{DD206F2C-8F2B-46B6-A61B-6E6145A9A1CC}.Debug|x86.ActiveCfg = Debug|Any CPU
		{DD206F2C-8F2B-46B6-A61B-6E6145A9A1CC}.Release|Any CPU.ActiveCfg = Release|Any CPU
		{DD206F2C-8F2B-46B6-A61B-6E6145A9A1CC}.Release|Any CPU.Build.0 = Release|Any CPU
		{DD206F2C-8F2B-46B6-A61B-6E6145A9A1CC}.Release|ARM.ActiveCfg = Release|Any CPU
		{DD206F2C-8F2B-46B6-A61B-6E6145A9A1CC}.Release|iPhone.ActiveCfg = Release|Any CPU
		{DD206F2C-8F2B-46B6-A61B-6E6145A9A1CC}.Release|iPhone.Build.0 = Release|Any CPU
		{DD206F2C-8F2B-46B6-A61B-6E6145A9A1CC}.Release|iPhoneSimulator.ActiveCfg = Release|Any CPU
		{DD206F2C-8F2B-46B6-A61B-6E6145A9A1CC}.Release|iPhoneSimulator.Build.0 = Release|Any CPU
		{DD206F2C-8F2B-46B6-A61B-6E6145A9A1CC}.Release|Mixed Platforms.ActiveCfg = Release|Any CPU
		{DD206F2C-8F2B-46B6-A61B-6E6145A9A1CC}.Release|Mixed Platforms.Build.0 = Release|Any CPU
		{DD206F2C-8F2B-46B6-A61B-6E6145A9A1CC}.Release|x86.ActiveCfg = Release|Any CPU
		{3B3D0FD1-1DF6-4ACA-9A1E-0C6AC05C670F}.Ad-Hoc|Any CPU.ActiveCfg = Ad-Hoc|iPhone
		{3B3D0FD1-1DF6-4ACA-9A1E-0C6AC05C670F}.Ad-Hoc|ARM.ActiveCfg = Ad-Hoc|iPhone
		{3B3D0FD1-1DF6-4ACA-9A1E-0C6AC05C670F}.Ad-Hoc|iPhone.ActiveCfg = Ad-Hoc|iPhone
		{3B3D0FD1-1DF6-4ACA-9A1E-0C6AC05C670F}.Ad-Hoc|iPhone.Build.0 = Ad-Hoc|iPhone
		{3B3D0FD1-1DF6-4ACA-9A1E-0C6AC05C670F}.Ad-Hoc|iPhoneSimulator.ActiveCfg = Ad-Hoc|iPhoneSimulator
		{3B3D0FD1-1DF6-4ACA-9A1E-0C6AC05C670F}.Ad-Hoc|iPhoneSimulator.Build.0 = Ad-Hoc|iPhoneSimulator
		{3B3D0FD1-1DF6-4ACA-9A1E-0C6AC05C670F}.Ad-Hoc|Mixed Platforms.ActiveCfg = Ad-Hoc|iPhone
		{3B3D0FD1-1DF6-4ACA-9A1E-0C6AC05C670F}.Ad-Hoc|Mixed Platforms.Build.0 = Ad-Hoc|iPhone
		{3B3D0FD1-1DF6-4ACA-9A1E-0C6AC05C670F}.Ad-Hoc|x86.ActiveCfg = Ad-Hoc|iPhone
		{3B3D0FD1-1DF6-4ACA-9A1E-0C6AC05C670F}.AppStore|Any CPU.ActiveCfg = AppStore|iPhone
		{3B3D0FD1-1DF6-4ACA-9A1E-0C6AC05C670F}.AppStore|ARM.ActiveCfg = AppStore|iPhone
		{3B3D0FD1-1DF6-4ACA-9A1E-0C6AC05C670F}.AppStore|iPhone.ActiveCfg = AppStore|iPhone
		{3B3D0FD1-1DF6-4ACA-9A1E-0C6AC05C670F}.AppStore|iPhone.Build.0 = AppStore|iPhone
		{3B3D0FD1-1DF6-4ACA-9A1E-0C6AC05C670F}.AppStore|iPhoneSimulator.ActiveCfg = AppStore|iPhoneSimulator
		{3B3D0FD1-1DF6-4ACA-9A1E-0C6AC05C670F}.AppStore|iPhoneSimulator.Build.0 = AppStore|iPhoneSimulator
		{3B3D0FD1-1DF6-4ACA-9A1E-0C6AC05C670F}.AppStore|Mixed Platforms.ActiveCfg = AppStore|iPhone
		{3B3D0FD1-1DF6-4ACA-9A1E-0C6AC05C670F}.AppStore|Mixed Platforms.Build.0 = AppStore|iPhone
		{3B3D0FD1-1DF6-4ACA-9A1E-0C6AC05C670F}.AppStore|x86.ActiveCfg = AppStore|iPhone
		{3B3D0FD1-1DF6-4ACA-9A1E-0C6AC05C670F}.Debug|Any CPU.ActiveCfg = Debug|iPhone
		{3B3D0FD1-1DF6-4ACA-9A1E-0C6AC05C670F}.Debug|Any CPU.Build.0 = Debug|iPhone
		{3B3D0FD1-1DF6-4ACA-9A1E-0C6AC05C670F}.Debug|ARM.ActiveCfg = Debug|iPhone
		{3B3D0FD1-1DF6-4ACA-9A1E-0C6AC05C670F}.Debug|iPhone.ActiveCfg = Debug|iPhone
		{3B3D0FD1-1DF6-4ACA-9A1E-0C6AC05C670F}.Debug|iPhone.Build.0 = Debug|iPhone
		{3B3D0FD1-1DF6-4ACA-9A1E-0C6AC05C670F}.Debug|iPhoneSimulator.ActiveCfg = Debug|iPhoneSimulator
		{3B3D0FD1-1DF6-4ACA-9A1E-0C6AC05C670F}.Debug|iPhoneSimulator.Build.0 = Debug|iPhoneSimulator
		{3B3D0FD1-1DF6-4ACA-9A1E-0C6AC05C670F}.Debug|Mixed Platforms.ActiveCfg = Debug|iPhone
		{3B3D0FD1-1DF6-4ACA-9A1E-0C6AC05C670F}.Debug|Mixed Platforms.Build.0 = Debug|iPhone
		{3B3D0FD1-1DF6-4ACA-9A1E-0C6AC05C670F}.Debug|x86.ActiveCfg = Debug|iPhone
		{3B3D0FD1-1DF6-4ACA-9A1E-0C6AC05C670F}.Release|Any CPU.ActiveCfg = Release|iPhone
		{3B3D0FD1-1DF6-4ACA-9A1E-0C6AC05C670F}.Release|Any CPU.Build.0 = Release|iPhone
		{3B3D0FD1-1DF6-4ACA-9A1E-0C6AC05C670F}.Release|ARM.ActiveCfg = Release|iPhone
		{3B3D0FD1-1DF6-4ACA-9A1E-0C6AC05C670F}.Release|iPhone.ActiveCfg = Release|iPhone
		{3B3D0FD1-1DF6-4ACA-9A1E-0C6AC05C670F}.Release|iPhone.Build.0 = Release|iPhone
		{3B3D0FD1-1DF6-4ACA-9A1E-0C6AC05C670F}.Release|iPhoneSimulator.ActiveCfg = Release|iPhoneSimulator
		{3B3D0FD1-1DF6-4ACA-9A1E-0C6AC05C670F}.Release|iPhoneSimulator.Build.0 = Release|iPhoneSimulator
		{3B3D0FD1-1DF6-4ACA-9A1E-0C6AC05C670F}.Release|Mixed Platforms.ActiveCfg = Release|iPhone
		{3B3D0FD1-1DF6-4ACA-9A1E-0C6AC05C670F}.Release|Mixed Platforms.Build.0 = Release|iPhone
		{3B3D0FD1-1DF6-4ACA-9A1E-0C6AC05C670F}.Release|x86.ActiveCfg = Release|iPhone
		{C2020873-98A6-48F3-8A7B-752A841CB377}.Ad-Hoc|Any CPU.ActiveCfg = Release|Any CPU
		{C2020873-98A6-48F3-8A7B-752A841CB377}.Ad-Hoc|Any CPU.Build.0 = Release|Any CPU
		{C2020873-98A6-48F3-8A7B-752A841CB377}.Ad-Hoc|Any CPU.Deploy.0 = Release|Any CPU
		{C2020873-98A6-48F3-8A7B-752A841CB377}.Ad-Hoc|ARM.ActiveCfg = Release|Any CPU
		{C2020873-98A6-48F3-8A7B-752A841CB377}.Ad-Hoc|iPhone.ActiveCfg = Release|Any CPU
		{C2020873-98A6-48F3-8A7B-752A841CB377}.Ad-Hoc|iPhoneSimulator.ActiveCfg = Release|Any CPU
		{C2020873-98A6-48F3-8A7B-752A841CB377}.Ad-Hoc|Mixed Platforms.ActiveCfg = Release|Any CPU
		{C2020873-98A6-48F3-8A7B-752A841CB377}.Ad-Hoc|Mixed Platforms.Build.0 = Release|Any CPU
		{C2020873-98A6-48F3-8A7B-752A841CB377}.Ad-Hoc|Mixed Platforms.Deploy.0 = Release|Any CPU
		{C2020873-98A6-48F3-8A7B-752A841CB377}.Ad-Hoc|x86.ActiveCfg = Release|Any CPU
		{C2020873-98A6-48F3-8A7B-752A841CB377}.AppStore|Any CPU.ActiveCfg = Release|Any CPU
		{C2020873-98A6-48F3-8A7B-752A841CB377}.AppStore|Any CPU.Build.0 = Release|Any CPU
		{C2020873-98A6-48F3-8A7B-752A841CB377}.AppStore|Any CPU.Deploy.0 = Release|Any CPU
		{C2020873-98A6-48F3-8A7B-752A841CB377}.AppStore|ARM.ActiveCfg = Release|Any CPU
		{C2020873-98A6-48F3-8A7B-752A841CB377}.AppStore|iPhone.ActiveCfg = Release|Any CPU
		{C2020873-98A6-48F3-8A7B-752A841CB377}.AppStore|iPhoneSimulator.ActiveCfg = Release|Any CPU
		{C2020873-98A6-48F3-8A7B-752A841CB377}.AppStore|Mixed Platforms.ActiveCfg = Release|Any CPU
		{C2020873-98A6-48F3-8A7B-752A841CB377}.AppStore|Mixed Platforms.Build.0 = Release|Any CPU
		{C2020873-98A6-48F3-8A7B-752A841CB377}.AppStore|Mixed Platforms.Deploy.0 = Release|Any CPU
		{C2020873-98A6-48F3-8A7B-752A841CB377}.AppStore|x86.ActiveCfg = Release|Any CPU
		{C2020873-98A6-48F3-8A7B-752A841CB377}.Debug|Any CPU.ActiveCfg = Debug|Any CPU
		{C2020873-98A6-48F3-8A7B-752A841CB377}.Debug|Any CPU.Build.0 = Debug|Any CPU
		{C2020873-98A6-48F3-8A7B-752A841CB377}.Debug|Any CPU.Deploy.0 = Debug|Any CPU
		{C2020873-98A6-48F3-8A7B-752A841CB377}.Debug|ARM.ActiveCfg = Debug|Any CPU
		{C2020873-98A6-48F3-8A7B-752A841CB377}.Debug|iPhone.ActiveCfg = Debug|Any CPU
		{C2020873-98A6-48F3-8A7B-752A841CB377}.Debug|iPhoneSimulator.ActiveCfg = Debug|Any CPU
		{C2020873-98A6-48F3-8A7B-752A841CB377}.Debug|Mixed Platforms.ActiveCfg = Debug|Any CPU
		{C2020873-98A6-48F3-8A7B-752A841CB377}.Debug|Mixed Platforms.Build.0 = Debug|Any CPU
		{C2020873-98A6-48F3-8A7B-752A841CB377}.Debug|Mixed Platforms.Deploy.0 = Debug|Any CPU
		{C2020873-98A6-48F3-8A7B-752A841CB377}.Debug|x86.ActiveCfg = Debug|Any CPU
		{C2020873-98A6-48F3-8A7B-752A841CB377}.Release|Any CPU.ActiveCfg = Release|Any CPU
		{C2020873-98A6-48F3-8A7B-752A841CB377}.Release|Any CPU.Build.0 = Release|Any CPU
		{C2020873-98A6-48F3-8A7B-752A841CB377}.Release|ARM.ActiveCfg = Release|Any CPU
		{C2020873-98A6-48F3-8A7B-752A841CB377}.Release|iPhone.ActiveCfg = Release|Any CPU
		{C2020873-98A6-48F3-8A7B-752A841CB377}.Release|iPhoneSimulator.ActiveCfg = Release|Any CPU
		{C2020873-98A6-48F3-8A7B-752A841CB377}.Release|Mixed Platforms.ActiveCfg = Release|Any CPU
		{C2020873-98A6-48F3-8A7B-752A841CB377}.Release|Mixed Platforms.Build.0 = Release|Any CPU
		{C2020873-98A6-48F3-8A7B-752A841CB377}.Release|Mixed Platforms.Deploy.0 = Release|Any CPU
		{C2020873-98A6-48F3-8A7B-752A841CB377}.Release|x86.ActiveCfg = Release|Any CPU
		{DB35C619-D02D-408C-8B10-D1CA5DFBA1E8}.Ad-Hoc|Any CPU.ActiveCfg = Release|Any CPU
		{DB35C619-D02D-408C-8B10-D1CA5DFBA1E8}.Ad-Hoc|Any CPU.Build.0 = Release|Any CPU
		{DB35C619-D02D-408C-8B10-D1CA5DFBA1E8}.Ad-Hoc|Any CPU.Deploy.0 = Release|Any CPU
		{DB35C619-D02D-408C-8B10-D1CA5DFBA1E8}.Ad-Hoc|ARM.ActiveCfg = Release|ARM
		{DB35C619-D02D-408C-8B10-D1CA5DFBA1E8}.Ad-Hoc|ARM.Build.0 = Release|ARM
		{DB35C619-D02D-408C-8B10-D1CA5DFBA1E8}.Ad-Hoc|ARM.Deploy.0 = Release|ARM
		{DB35C619-D02D-408C-8B10-D1CA5DFBA1E8}.Ad-Hoc|iPhone.ActiveCfg = Release|Any CPU
		{DB35C619-D02D-408C-8B10-D1CA5DFBA1E8}.Ad-Hoc|iPhoneSimulator.ActiveCfg = Release|Any CPU
		{DB35C619-D02D-408C-8B10-D1CA5DFBA1E8}.Ad-Hoc|Mixed Platforms.ActiveCfg = Release|x86
		{DB35C619-D02D-408C-8B10-D1CA5DFBA1E8}.Ad-Hoc|Mixed Platforms.Build.0 = Release|x86
		{DB35C619-D02D-408C-8B10-D1CA5DFBA1E8}.Ad-Hoc|Mixed Platforms.Deploy.0 = Release|x86
		{DB35C619-D02D-408C-8B10-D1CA5DFBA1E8}.Ad-Hoc|x86.ActiveCfg = Release|x86
		{DB35C619-D02D-408C-8B10-D1CA5DFBA1E8}.Ad-Hoc|x86.Build.0 = Release|x86
		{DB35C619-D02D-408C-8B10-D1CA5DFBA1E8}.Ad-Hoc|x86.Deploy.0 = Release|x86
		{DB35C619-D02D-408C-8B10-D1CA5DFBA1E8}.AppStore|Any CPU.ActiveCfg = Release|Any CPU
		{DB35C619-D02D-408C-8B10-D1CA5DFBA1E8}.AppStore|Any CPU.Build.0 = Release|Any CPU
		{DB35C619-D02D-408C-8B10-D1CA5DFBA1E8}.AppStore|Any CPU.Deploy.0 = Release|Any CPU
		{DB35C619-D02D-408C-8B10-D1CA5DFBA1E8}.AppStore|ARM.ActiveCfg = Release|ARM
		{DB35C619-D02D-408C-8B10-D1CA5DFBA1E8}.AppStore|ARM.Build.0 = Release|ARM
		{DB35C619-D02D-408C-8B10-D1CA5DFBA1E8}.AppStore|ARM.Deploy.0 = Release|ARM
		{DB35C619-D02D-408C-8B10-D1CA5DFBA1E8}.AppStore|iPhone.ActiveCfg = Release|Any CPU
		{DB35C619-D02D-408C-8B10-D1CA5DFBA1E8}.AppStore|iPhoneSimulator.ActiveCfg = Release|Any CPU
		{DB35C619-D02D-408C-8B10-D1CA5DFBA1E8}.AppStore|Mixed Platforms.ActiveCfg = Release|x86
		{DB35C619-D02D-408C-8B10-D1CA5DFBA1E8}.AppStore|Mixed Platforms.Build.0 = Release|x86
		{DB35C619-D02D-408C-8B10-D1CA5DFBA1E8}.AppStore|Mixed Platforms.Deploy.0 = Release|x86
		{DB35C619-D02D-408C-8B10-D1CA5DFBA1E8}.AppStore|x86.ActiveCfg = Release|x86
		{DB35C619-D02D-408C-8B10-D1CA5DFBA1E8}.AppStore|x86.Build.0 = Release|x86
		{DB35C619-D02D-408C-8B10-D1CA5DFBA1E8}.AppStore|x86.Deploy.0 = Release|x86
		{DB35C619-D02D-408C-8B10-D1CA5DFBA1E8}.Debug|Any CPU.ActiveCfg = Debug|Any CPU
		{DB35C619-D02D-408C-8B10-D1CA5DFBA1E8}.Debug|Any CPU.Build.0 = Debug|Any CPU
		{DB35C619-D02D-408C-8B10-D1CA5DFBA1E8}.Debug|Any CPU.Deploy.0 = Debug|Any CPU
		{DB35C619-D02D-408C-8B10-D1CA5DFBA1E8}.Debug|ARM.ActiveCfg = Debug|ARM
		{DB35C619-D02D-408C-8B10-D1CA5DFBA1E8}.Debug|ARM.Build.0 = Debug|ARM
		{DB35C619-D02D-408C-8B10-D1CA5DFBA1E8}.Debug|ARM.Deploy.0 = Debug|ARM
		{DB35C619-D02D-408C-8B10-D1CA5DFBA1E8}.Debug|iPhone.ActiveCfg = Debug|Any CPU
		{DB35C619-D02D-408C-8B10-D1CA5DFBA1E8}.Debug|iPhoneSimulator.ActiveCfg = Debug|Any CPU
		{DB35C619-D02D-408C-8B10-D1CA5DFBA1E8}.Debug|Mixed Platforms.ActiveCfg = Debug|x86
		{DB35C619-D02D-408C-8B10-D1CA5DFBA1E8}.Debug|Mixed Platforms.Build.0 = Debug|x86
		{DB35C619-D02D-408C-8B10-D1CA5DFBA1E8}.Debug|Mixed Platforms.Deploy.0 = Debug|x86
		{DB35C619-D02D-408C-8B10-D1CA5DFBA1E8}.Debug|x86.ActiveCfg = Debug|x86
		{DB35C619-D02D-408C-8B10-D1CA5DFBA1E8}.Debug|x86.Build.0 = Debug|x86
		{DB35C619-D02D-408C-8B10-D1CA5DFBA1E8}.Debug|x86.Deploy.0 = Debug|x86
		{DB35C619-D02D-408C-8B10-D1CA5DFBA1E8}.Release|Any CPU.ActiveCfg = Release|Any CPU
		{DB35C619-D02D-408C-8B10-D1CA5DFBA1E8}.Release|Any CPU.Build.0 = Release|Any CPU
		{DB35C619-D02D-408C-8B10-D1CA5DFBA1E8}.Release|ARM.ActiveCfg = Release|ARM
		{DB35C619-D02D-408C-8B10-D1CA5DFBA1E8}.Release|ARM.Build.0 = Release|ARM
		{DB35C619-D02D-408C-8B10-D1CA5DFBA1E8}.Release|ARM.Deploy.0 = Release|ARM
		{DB35C619-D02D-408C-8B10-D1CA5DFBA1E8}.Release|iPhone.ActiveCfg = Release|Any CPU
		{DB35C619-D02D-408C-8B10-D1CA5DFBA1E8}.Release|iPhoneSimulator.ActiveCfg = Release|Any CPU
		{DB35C619-D02D-408C-8B10-D1CA5DFBA1E8}.Release|Mixed Platforms.ActiveCfg = Release|x86
		{DB35C619-D02D-408C-8B10-D1CA5DFBA1E8}.Release|Mixed Platforms.Build.0 = Release|x86
		{DB35C619-D02D-408C-8B10-D1CA5DFBA1E8}.Release|Mixed Platforms.Deploy.0 = Release|x86
		{DB35C619-D02D-408C-8B10-D1CA5DFBA1E8}.Release|x86.ActiveCfg = Release|x86
		{DB35C619-D02D-408C-8B10-D1CA5DFBA1E8}.Release|x86.Build.0 = Release|x86
		{DB35C619-D02D-408C-8B10-D1CA5DFBA1E8}.Release|x86.Deploy.0 = Release|x86
		{E6101995-DE2F-4928-A087-709EEE133400}.Ad-Hoc|Any CPU.ActiveCfg = Release|Any CPU
		{E6101995-DE2F-4928-A087-709EEE133400}.Ad-Hoc|Any CPU.Build.0 = Release|Any CPU
		{E6101995-DE2F-4928-A087-709EEE133400}.Ad-Hoc|ARM.ActiveCfg = Release|Any CPU
		{E6101995-DE2F-4928-A087-709EEE133400}.Ad-Hoc|iPhone.ActiveCfg = Release|Any CPU
		{E6101995-DE2F-4928-A087-709EEE133400}.Ad-Hoc|iPhoneSimulator.ActiveCfg = Release|Any CPU
		{E6101995-DE2F-4928-A087-709EEE133400}.Ad-Hoc|Mixed Platforms.ActiveCfg = Release|Any CPU
		{E6101995-DE2F-4928-A087-709EEE133400}.Ad-Hoc|Mixed Platforms.Build.0 = Release|Any CPU
		{E6101995-DE2F-4928-A087-709EEE133400}.Ad-Hoc|x86.ActiveCfg = Release|Any CPU
		{E6101995-DE2F-4928-A087-709EEE133400}.AppStore|Any CPU.ActiveCfg = Release|Any CPU
		{E6101995-DE2F-4928-A087-709EEE133400}.AppStore|Any CPU.Build.0 = Release|Any CPU
		{E6101995-DE2F-4928-A087-709EEE133400}.AppStore|ARM.ActiveCfg = Release|Any CPU
		{E6101995-DE2F-4928-A087-709EEE133400}.AppStore|iPhone.ActiveCfg = Release|Any CPU
		{E6101995-DE2F-4928-A087-709EEE133400}.AppStore|iPhoneSimulator.ActiveCfg = Release|Any CPU
		{E6101995-DE2F-4928-A087-709EEE133400}.AppStore|Mixed Platforms.ActiveCfg = Release|Any CPU
		{E6101995-DE2F-4928-A087-709EEE133400}.AppStore|Mixed Platforms.Build.0 = Release|Any CPU
		{E6101995-DE2F-4928-A087-709EEE133400}.AppStore|x86.ActiveCfg = Release|Any CPU
		{E6101995-DE2F-4928-A087-709EEE133400}.Debug|Any CPU.ActiveCfg = Debug|Any CPU
		{E6101995-DE2F-4928-A087-709EEE133400}.Debug|Any CPU.Build.0 = Debug|Any CPU
		{E6101995-DE2F-4928-A087-709EEE133400}.Debug|ARM.ActiveCfg = Debug|Any CPU
		{E6101995-DE2F-4928-A087-709EEE133400}.Debug|iPhone.ActiveCfg = Debug|Any CPU
		{E6101995-DE2F-4928-A087-709EEE133400}.Debug|iPhoneSimulator.ActiveCfg = Release|Any CPU
		{E6101995-DE2F-4928-A087-709EEE133400}.Debug|iPhoneSimulator.Build.0 = Release|Any CPU
		{E6101995-DE2F-4928-A087-709EEE133400}.Debug|Mixed Platforms.ActiveCfg = Debug|Any CPU
		{E6101995-DE2F-4928-A087-709EEE133400}.Debug|Mixed Platforms.Build.0 = Debug|Any CPU
		{E6101995-DE2F-4928-A087-709EEE133400}.Debug|x86.ActiveCfg = Debug|Any CPU
		{E6101995-DE2F-4928-A087-709EEE133400}.Release|Any CPU.ActiveCfg = Release|Any CPU
		{E6101995-DE2F-4928-A087-709EEE133400}.Release|Any CPU.Build.0 = Release|Any CPU
		{E6101995-DE2F-4928-A087-709EEE133400}.Release|ARM.ActiveCfg = Release|Any CPU
		{E6101995-DE2F-4928-A087-709EEE133400}.Release|iPhone.ActiveCfg = Release|Any CPU
		{E6101995-DE2F-4928-A087-709EEE133400}.Release|iPhoneSimulator.ActiveCfg = Release|Any CPU
		{E6101995-DE2F-4928-A087-709EEE133400}.Release|iPhoneSimulator.Build.0 = Release|Any CPU
		{E6101995-DE2F-4928-A087-709EEE133400}.Release|Mixed Platforms.ActiveCfg = Release|Any CPU
		{E6101995-DE2F-4928-A087-709EEE133400}.Release|Mixed Platforms.Build.0 = Release|Any CPU
		{E6101995-DE2F-4928-A087-709EEE133400}.Release|x86.ActiveCfg = Release|Any CPU
		{4EDEADCB-D461-414B-B93A-816396C1F312}.Ad-Hoc|Any CPU.ActiveCfg = Release|Any CPU
		{4EDEADCB-D461-414B-B93A-816396C1F312}.Ad-Hoc|Any CPU.Build.0 = Release|Any CPU
		{4EDEADCB-D461-414B-B93A-816396C1F312}.Ad-Hoc|ARM.ActiveCfg = Release|Any CPU
		{4EDEADCB-D461-414B-B93A-816396C1F312}.Ad-Hoc|iPhone.ActiveCfg = Release|Any CPU
		{4EDEADCB-D461-414B-B93A-816396C1F312}.Ad-Hoc|iPhoneSimulator.ActiveCfg = Release|Any CPU
		{4EDEADCB-D461-414B-B93A-816396C1F312}.Ad-Hoc|Mixed Platforms.ActiveCfg = Release|Any CPU
		{4EDEADCB-D461-414B-B93A-816396C1F312}.Ad-Hoc|Mixed Platforms.Build.0 = Release|Any CPU
		{4EDEADCB-D461-414B-B93A-816396C1F312}.Ad-Hoc|x86.ActiveCfg = Release|Any CPU
		{4EDEADCB-D461-414B-B93A-816396C1F312}.AppStore|Any CPU.ActiveCfg = Release|Any CPU
		{4EDEADCB-D461-414B-B93A-816396C1F312}.AppStore|Any CPU.Build.0 = Release|Any CPU
		{4EDEADCB-D461-414B-B93A-816396C1F312}.AppStore|ARM.ActiveCfg = Release|Any CPU
		{4EDEADCB-D461-414B-B93A-816396C1F312}.AppStore|iPhone.ActiveCfg = Release|Any CPU
		{4EDEADCB-D461-414B-B93A-816396C1F312}.AppStore|iPhoneSimulator.ActiveCfg = Release|Any CPU
		{4EDEADCB-D461-414B-B93A-816396C1F312}.AppStore|Mixed Platforms.ActiveCfg = Release|Any CPU
		{4EDEADCB-D461-414B-B93A-816396C1F312}.AppStore|Mixed Platforms.Build.0 = Release|Any CPU
		{4EDEADCB-D461-414B-B93A-816396C1F312}.AppStore|x86.ActiveCfg = Release|Any CPU
		{4EDEADCB-D461-414B-B93A-816396C1F312}.Debug|Any CPU.ActiveCfg = Debug|Any CPU
		{4EDEADCB-D461-414B-B93A-816396C1F312}.Debug|Any CPU.Build.0 = Debug|Any CPU
		{4EDEADCB-D461-414B-B93A-816396C1F312}.Debug|ARM.ActiveCfg = Debug|Any CPU
		{4EDEADCB-D461-414B-B93A-816396C1F312}.Debug|iPhone.ActiveCfg = Debug|Any CPU
		{4EDEADCB-D461-414B-B93A-816396C1F312}.Debug|iPhoneSimulator.ActiveCfg = Debug|Any CPU
		{4EDEADCB-D461-414B-B93A-816396C1F312}.Debug|iPhoneSimulator.Build.0 = Debug|Any CPU
		{4EDEADCB-D461-414B-B93A-816396C1F312}.Debug|Mixed Platforms.ActiveCfg = Debug|Any CPU
		{4EDEADCB-D461-414B-B93A-816396C1F312}.Debug|Mixed Platforms.Build.0 = Debug|Any CPU
		{4EDEADCB-D461-414B-B93A-816396C1F312}.Debug|x86.ActiveCfg = Debug|Any CPU
		{4EDEADCB-D461-414B-B93A-816396C1F312}.Release|Any CPU.ActiveCfg = Release|Any CPU
		{4EDEADCB-D461-414B-B93A-816396C1F312}.Release|Any CPU.Build.0 = Release|Any CPU
		{4EDEADCB-D461-414B-B93A-816396C1F312}.Release|ARM.ActiveCfg = Release|Any CPU
		{4EDEADCB-D461-414B-B93A-816396C1F312}.Release|iPhone.ActiveCfg = Release|Any CPU
		{4EDEADCB-D461-414B-B93A-816396C1F312}.Release|iPhoneSimulator.ActiveCfg = Release|Any CPU
		{4EDEADCB-D461-414B-B93A-816396C1F312}.Release|iPhoneSimulator.Build.0 = Release|Any CPU
		{4EDEADCB-D461-414B-B93A-816396C1F312}.Release|Mixed Platforms.ActiveCfg = Release|Any CPU
		{4EDEADCB-D461-414B-B93A-816396C1F312}.Release|Mixed Platforms.Build.0 = Release|Any CPU
		{4EDEADCB-D461-414B-B93A-816396C1F312}.Release|x86.ActiveCfg = Release|Any CPU
		{6AC9B4AC-BF02-4323-A079-1EA9F4765B15}.Ad-Hoc|Any CPU.ActiveCfg = Release|Any CPU
		{6AC9B4AC-BF02-4323-A079-1EA9F4765B15}.Ad-Hoc|Any CPU.Build.0 = Release|Any CPU
		{6AC9B4AC-BF02-4323-A079-1EA9F4765B15}.Ad-Hoc|ARM.ActiveCfg = Release|Any CPU
		{6AC9B4AC-BF02-4323-A079-1EA9F4765B15}.Ad-Hoc|iPhone.ActiveCfg = Release|Any CPU
		{6AC9B4AC-BF02-4323-A079-1EA9F4765B15}.Ad-Hoc|iPhoneSimulator.ActiveCfg = Release|Any CPU
		{6AC9B4AC-BF02-4323-A079-1EA9F4765B15}.Ad-Hoc|Mixed Platforms.ActiveCfg = Release|Any CPU
		{6AC9B4AC-BF02-4323-A079-1EA9F4765B15}.Ad-Hoc|Mixed Platforms.Build.0 = Release|Any CPU
		{6AC9B4AC-BF02-4323-A079-1EA9F4765B15}.Ad-Hoc|x86.ActiveCfg = Release|Any CPU
		{6AC9B4AC-BF02-4323-A079-1EA9F4765B15}.AppStore|Any CPU.ActiveCfg = Release|Any CPU
		{6AC9B4AC-BF02-4323-A079-1EA9F4765B15}.AppStore|Any CPU.Build.0 = Release|Any CPU
		{6AC9B4AC-BF02-4323-A079-1EA9F4765B15}.AppStore|ARM.ActiveCfg = Release|Any CPU
		{6AC9B4AC-BF02-4323-A079-1EA9F4765B15}.AppStore|iPhone.ActiveCfg = Release|Any CPU
		{6AC9B4AC-BF02-4323-A079-1EA9F4765B15}.AppStore|iPhoneSimulator.ActiveCfg = Release|Any CPU
		{6AC9B4AC-BF02-4323-A079-1EA9F4765B15}.AppStore|Mixed Platforms.ActiveCfg = Release|Any CPU
		{6AC9B4AC-BF02-4323-A079-1EA9F4765B15}.AppStore|Mixed Platforms.Build.0 = Release|Any CPU
		{6AC9B4AC-BF02-4323-A079-1EA9F4765B15}.AppStore|x86.ActiveCfg = Release|Any CPU
		{6AC9B4AC-BF02-4323-A079-1EA9F4765B15}.Debug|Any CPU.ActiveCfg = Debug|Any CPU
		{6AC9B4AC-BF02-4323-A079-1EA9F4765B15}.Debug|Any CPU.Build.0 = Debug|Any CPU
		{6AC9B4AC-BF02-4323-A079-1EA9F4765B15}.Debug|Any CPU.Deploy.0 = Debug|Any CPU
		{6AC9B4AC-BF02-4323-A079-1EA9F4765B15}.Debug|ARM.ActiveCfg = Debug|Any CPU
		{6AC9B4AC-BF02-4323-A079-1EA9F4765B15}.Debug|iPhone.ActiveCfg = Debug|Any CPU
		{6AC9B4AC-BF02-4323-A079-1EA9F4765B15}.Debug|iPhoneSimulator.ActiveCfg = Debug|Any CPU
		{6AC9B4AC-BF02-4323-A079-1EA9F4765B15}.Debug|Mixed Platforms.ActiveCfg = Debug|Any CPU
		{6AC9B4AC-BF02-4323-A079-1EA9F4765B15}.Debug|Mixed Platforms.Build.0 = Debug|Any CPU
		{6AC9B4AC-BF02-4323-A079-1EA9F4765B15}.Debug|x86.ActiveCfg = Debug|Any CPU
		{6AC9B4AC-BF02-4323-A079-1EA9F4765B15}.Release|Any CPU.ActiveCfg = Release|Any CPU
		{6AC9B4AC-BF02-4323-A079-1EA9F4765B15}.Release|Any CPU.Build.0 = Release|Any CPU
		{6AC9B4AC-BF02-4323-A079-1EA9F4765B15}.Release|ARM.ActiveCfg = Release|Any CPU
		{6AC9B4AC-BF02-4323-A079-1EA9F4765B15}.Release|iPhone.ActiveCfg = Release|Any CPU
		{6AC9B4AC-BF02-4323-A079-1EA9F4765B15}.Release|iPhoneSimulator.ActiveCfg = Release|Any CPU
		{6AC9B4AC-BF02-4323-A079-1EA9F4765B15}.Release|Mixed Platforms.ActiveCfg = Release|Any CPU
		{6AC9B4AC-BF02-4323-A079-1EA9F4765B15}.Release|Mixed Platforms.Build.0 = Release|Any CPU
		{6AC9B4AC-BF02-4323-A079-1EA9F4765B15}.Release|x86.ActiveCfg = Release|Any CPU
		{85C8A831-B708-49D3-B8EA-2D49FD412277}.Ad-Hoc|Any CPU.ActiveCfg = Release|Any CPU
		{85C8A831-B708-49D3-B8EA-2D49FD412277}.Ad-Hoc|Any CPU.Build.0 = Release|Any CPU
		{85C8A831-B708-49D3-B8EA-2D49FD412277}.Ad-Hoc|ARM.ActiveCfg = Release|Any CPU
		{85C8A831-B708-49D3-B8EA-2D49FD412277}.Ad-Hoc|iPhone.ActiveCfg = Release|Any CPU
		{85C8A831-B708-49D3-B8EA-2D49FD412277}.Ad-Hoc|iPhoneSimulator.ActiveCfg = Release|Any CPU
		{85C8A831-B708-49D3-B8EA-2D49FD412277}.Ad-Hoc|Mixed Platforms.ActiveCfg = Release|Any CPU
		{85C8A831-B708-49D3-B8EA-2D49FD412277}.Ad-Hoc|Mixed Platforms.Build.0 = Release|Any CPU
		{85C8A831-B708-49D3-B8EA-2D49FD412277}.Ad-Hoc|x86.ActiveCfg = Release|Any CPU
		{85C8A831-B708-49D3-B8EA-2D49FD412277}.AppStore|Any CPU.ActiveCfg = Release|Any CPU
		{85C8A831-B708-49D3-B8EA-2D49FD412277}.AppStore|Any CPU.Build.0 = Release|Any CPU
		{85C8A831-B708-49D3-B8EA-2D49FD412277}.AppStore|ARM.ActiveCfg = Release|Any CPU
		{85C8A831-B708-49D3-B8EA-2D49FD412277}.AppStore|iPhone.ActiveCfg = Release|Any CPU
		{85C8A831-B708-49D3-B8EA-2D49FD412277}.AppStore|iPhoneSimulator.ActiveCfg = Release|Any CPU
		{85C8A831-B708-49D3-B8EA-2D49FD412277}.AppStore|Mixed Platforms.ActiveCfg = Release|Any CPU
		{85C8A831-B708-49D3-B8EA-2D49FD412277}.AppStore|Mixed Platforms.Build.0 = Release|Any CPU
		{85C8A831-B708-49D3-B8EA-2D49FD412277}.AppStore|x86.ActiveCfg = Release|Any CPU
		{85C8A831-B708-49D3-B8EA-2D49FD412277}.Debug|Any CPU.ActiveCfg = Debug|Any CPU
		{85C8A831-B708-49D3-B8EA-2D49FD412277}.Debug|Any CPU.Build.0 = Debug|Any CPU
		{85C8A831-B708-49D3-B8EA-2D49FD412277}.Debug|ARM.ActiveCfg = Debug|Any CPU
		{85C8A831-B708-49D3-B8EA-2D49FD412277}.Debug|iPhone.ActiveCfg = Debug|Any CPU
		{85C8A831-B708-49D3-B8EA-2D49FD412277}.Debug|iPhoneSimulator.ActiveCfg = Debug|Any CPU
		{85C8A831-B708-49D3-B8EA-2D49FD412277}.Debug|Mixed Platforms.ActiveCfg = Debug|Any CPU
		{85C8A831-B708-49D3-B8EA-2D49FD412277}.Debug|Mixed Platforms.Build.0 = Debug|Any CPU
		{85C8A831-B708-49D3-B8EA-2D49FD412277}.Debug|x86.ActiveCfg = Debug|Any CPU
		{85C8A831-B708-49D3-B8EA-2D49FD412277}.Release|Any CPU.ActiveCfg = Release|Any CPU
		{85C8A831-B708-49D3-B8EA-2D49FD412277}.Release|Any CPU.Build.0 = Release|Any CPU
		{85C8A831-B708-49D3-B8EA-2D49FD412277}.Release|ARM.ActiveCfg = Release|Any CPU
		{85C8A831-B708-49D3-B8EA-2D49FD412277}.Release|iPhone.ActiveCfg = Release|Any CPU
		{85C8A831-B708-49D3-B8EA-2D49FD412277}.Release|iPhoneSimulator.ActiveCfg = Release|Any CPU
		{85C8A831-B708-49D3-B8EA-2D49FD412277}.Release|Mixed Platforms.ActiveCfg = Release|Any CPU
		{85C8A831-B708-49D3-B8EA-2D49FD412277}.Release|Mixed Platforms.Build.0 = Release|Any CPU
		{85C8A831-B708-49D3-B8EA-2D49FD412277}.Release|x86.ActiveCfg = Release|Any CPU
	EndGlobalSection
	GlobalSection(SolutionProperties) = preSolution
		HideSolutionNode = FALSE
	EndGlobalSection
EndGlobal
